// !$*UTF8*$!
{
	archiveVersion = 1;
	classes = {
	};
	objectVersion = 46;
	objects = {

/* Begin PBXBuildFile section */
		16529576301E8BA1B92C543C /* libPods-Lyx_PlaneWar.a in Frameworks */ = {isa = PBXBuildFile; fileRef = 53D1CFE9D15F000B16B0C88E /* libPods-Lyx_PlaneWar.a */; };
		C208FC301ED397A800E79B09 /* main.m in Sources */ = {isa = PBXBuildFile; fileRef = C208FC2F1ED397A800E79B09 /* main.m */; };
		C208FC331ED397A800E79B09 /* AppDelegate.m in Sources */ = {isa = PBXBuildFile; fileRef = C208FC321ED397A800E79B09 /* AppDelegate.m */; };
		C208FC361ED397A800E79B09 /* ViewController.m in Sources */ = {isa = PBXBuildFile; fileRef = C208FC351ED397A800E79B09 /* ViewController.m */; };
		C208FC391ED397A800E79B09 /* Main.storyboard in Resources */ = {isa = PBXBuildFile; fileRef = C208FC371ED397A800E79B09 /* Main.storyboard */; };
		C208FC3B1ED397A800E79B09 /* Assets.xcassets in Resources */ = {isa = PBXBuildFile; fileRef = C208FC3A1ED397A800E79B09 /* Assets.xcassets */; };
		C208FC3E1ED397A800E79B09 /* LaunchScreen.storyboard in Resources */ = {isa = PBXBuildFile; fileRef = C208FC3C1ED397A800E79B09 /* LaunchScreen.storyboard */; };
		C208FC491ED397A900E79B09 /* Lyx_PlaneWarTests.m in Sources */ = {isa = PBXBuildFile; fileRef = C208FC481ED397A900E79B09 /* Lyx_PlaneWarTests.m */; };
		C208FC541ED397A900E79B09 /* Lyx_PlaneWarUITests.m in Sources */ = {isa = PBXBuildFile; fileRef = C208FC531ED397A900E79B09 /* Lyx_PlaneWarUITests.m */; };
		C208FC751ED39A9000E79B09 /* bg.png in Resources */ = {isa = PBXBuildFile; fileRef = C208FC631ED39A9000E79B09 /* bg.png */; };
		C208FC761ED39A9000E79B09 /* bg_picture.png in Resources */ = {isa = PBXBuildFile; fileRef = C208FC641ED39A9000E79B09 /* bg_picture.png */; };
		C208FC771ED39A9000E79B09 /* bz1.png in Resources */ = {isa = PBXBuildFile; fileRef = C208FC651ED39A9000E79B09 /* bz1.png */; };
		C208FC781ED39A9000E79B09 /* bz2.png in Resources */ = {isa = PBXBuildFile; fileRef = C208FC661ED39A9000E79B09 /* bz2.png */; };
		C208FC791ED39A9000E79B09 /* bz3.png in Resources */ = {isa = PBXBuildFile; fileRef = C208FC671ED39A9000E79B09 /* bz3.png */; };
		C208FC7A1ED39A9000E79B09 /* bz4.png in Resources */ = {isa = PBXBuildFile; fileRef = C208FC681ED39A9000E79B09 /* bz4.png */; };
		C208FC7B1ED39A9000E79B09 /* bz5.png in Resources */ = {isa = PBXBuildFile; fileRef = C208FC691ED39A9000E79B09 /* bz5.png */; };
		C208FC7C1ED39A9000E79B09 /* diji.png in Resources */ = {isa = PBXBuildFile; fileRef = C208FC6A1ED39A9000E79B09 /* diji.png */; };
		C208FC7D1ED39A9000E79B09 /* plane1.png in Resources */ = {isa = PBXBuildFile; fileRef = C208FC6B1ED39A9000E79B09 /* plane1.png */; };
		C208FC7E1ED39A9000E79B09 /* plane2.png in Resources */ = {isa = PBXBuildFile; fileRef = C208FC6C1ED39A9000E79B09 /* plane2.png */; };
		C208FC7F1ED39A9000E79B09 /* start.png in Resources */ = {isa = PBXBuildFile; fileRef = C208FC6D1ED39A9000E79B09 /* start.png */; };
		C208FC801ED39A9000E79B09 /* zidan.png in Resources */ = {isa = PBXBuildFile; fileRef = C208FC6E1ED39A9000E79B09 /* zidan.png */; };
		C208FC831ED39ACC00E79B09 /* BulletView.m in Sources */ = {isa = PBXBuildFile; fileRef = C208FC821ED39ACC00E79B09 /* BulletView.m */; };
		C208FC861ED39AFA00E79B09 /* EnemyPlaneView.m in Sources */ = {isa = PBXBuildFile; fileRef = C208FC851ED39AFA00E79B09 /* EnemyPlaneView.m */; };
		C208FC891ED39B0A00E79B09 /* MyPlaneView.m in Sources */ = {isa = PBXBuildFile; fileRef = C208FC881ED39B0A00E79B09 /* MyPlaneView.m */; };
		C208FC8C1ED39B2E00E79B09 /* StrategyView.m in Sources */ = {isa = PBXBuildFile; fileRef = C208FC8B1ED39B2E00E79B09 /* StrategyView.m */; };
		C208FC8F1ED39B5300E79B09 /* CustomBtn.m in Sources */ = {isa = PBXBuildFile; fileRef = C208FC8E1ED39B5300E79B09 /* CustomBtn.m */; };
		C208FC921ED39EDA00E79B09 /* StrategyExpView.m in Sources */ = {isa = PBXBuildFile; fileRef = C208FC911ED39EDA00E79B09 /* StrategyExpView.m */; };
/* End PBXBuildFile section */

/* Begin PBXContainerItemProxy section */
		C208FC451ED397A900E79B09 /* PBXContainerItemProxy */ = {
			isa = PBXContainerItemProxy;
			containerPortal = C208FC231ED397A800E79B09 /* Project object */;
			proxyType = 1;
			remoteGlobalIDString = C208FC2A1ED397A800E79B09;
			remoteInfo = Lyx_PlaneWar;
		};
		C208FC501ED397A900E79B09 /* PBXContainerItemProxy */ = {
			isa = PBXContainerItemProxy;
			containerPortal = C208FC231ED397A800E79B09 /* Project object */;
			proxyType = 1;
			remoteGlobalIDString = C208FC2A1ED397A800E79B09;
			remoteInfo = Lyx_PlaneWar;
		};
/* End PBXContainerItemProxy section */

/* Begin PBXFileReference section */
		4BB70C3E619ABB64892C950E /* Pods-Lyx_PlaneWar.debug.xcconfig */ = {isa = PBXFileReference; includeInIndex = 1; lastKnownFileType = text.xcconfig; name = "Pods-Lyx_PlaneWar.debug.xcconfig"; path = "Pods/Target Support Files/Pods-Lyx_PlaneWar/Pods-Lyx_PlaneWar.debug.xcconfig"; sourceTree = "<group>"; };
		53D1CFE9D15F000B16B0C88E /* libPods-Lyx_PlaneWar.a */ = {isa = PBXFileReference; explicitFileType = archive.ar; includeInIndex = 0; path = "libPods-Lyx_PlaneWar.a"; sourceTree = BUILT_PRODUCTS_DIR; };
		5AFC85F6B6A4D4182A3987C9 /* Pods-Lyx_PlaneWar.release.xcconfig */ = {isa = PBXFileReference; includeInIndex = 1; lastKnownFileType = text.xcconfig; name = "Pods-Lyx_PlaneWar.release.xcconfig"; path = "Pods/Target Support Files/Pods-Lyx_PlaneWar/Pods-Lyx_PlaneWar.release.xcconfig"; sourceTree = "<group>"; };
		C208FC2B1ED397A800E79B09 /* Lyx_PlaneWar.app */ = {isa = PBXFileReference; explicitFileType = wrapper.application; includeInIndex = 0; path = Lyx_PlaneWar.app; sourceTree = BUILT_PRODUCTS_DIR; };
		C208FC2F1ED397A800E79B09 /* main.m */ = {isa = PBXFileReference; lastKnownFileType = sourcecode.c.objc; path = main.m; sourceTree = "<group>"; };
		C208FC311ED397A800E79B09 /* AppDelegate.h */ = {isa = PBXFileReference; lastKnownFileType = sourcecode.c.h; path = AppDelegate.h; sourceTree = "<group>"; };
		C208FC321ED397A800E79B09 /* AppDelegate.m */ = {isa = PBXFileReference; lastKnownFileType = sourcecode.c.objc; path = AppDelegate.m; sourceTree = "<group>"; };
		C208FC341ED397A800E79B09 /* ViewController.h */ = {isa = PBXFileReference; lastKnownFileType = sourcecode.c.h; path = ViewController.h; sourceTree = "<group>"; };
		C208FC351ED397A800E79B09 /* ViewController.m */ = {isa = PBXFileReference; lastKnownFileType = sourcecode.c.objc; path = ViewController.m; sourceTree = "<group>"; };
		C208FC381ED397A800E79B09 /* Base */ = {isa = PBXFileReference; lastKnownFileType = file.storyboard; name = Base; path = Base.lproj/Main.storyboard; sourceTree = "<group>"; };
		C208FC3A1ED397A800E79B09 /* Assets.xcassets */ = {isa = PBXFileReference; lastKnownFileType = folder.assetcatalog; path = Assets.xcassets; sourceTree = "<group>"; };
		C208FC3D1ED397A800E79B09 /* Base */ = {isa = PBXFileReference; lastKnownFileType = file.storyboard; name = Base; path = Base.lproj/LaunchScreen.storyboard; sourceTree = "<group>"; };
		C208FC3F1ED397A800E79B09 /* Info.plist */ = {isa = PBXFileReference; lastKnownFileType = text.plist.xml; path = Info.plist; sourceTree = "<group>"; };
		C208FC441ED397A900E79B09 /* Lyx_PlaneWarTests.xctest */ = {isa = PBXFileReference; explicitFileType = wrapper.cfbundle; includeInIndex = 0; path = Lyx_PlaneWarTests.xctest; sourceTree = BUILT_PRODUCTS_DIR; };
		C208FC481ED397A900E79B09 /* Lyx_PlaneWarTests.m */ = {isa = PBXFileReference; lastKnownFileType = sourcecode.c.objc; path = Lyx_PlaneWarTests.m; sourceTree = "<group>"; };
		C208FC4A1ED397A900E79B09 /* Info.plist */ = {isa = PBXFileReference; lastKnownFileType = text.plist.xml; path = Info.plist; sourceTree = "<group>"; };
		C208FC4F1ED397A900E79B09 /* Lyx_PlaneWarUITests.xctest */ = {isa = PBXFileReference; explicitFileType = wrapper.cfbundle; includeInIndex = 0; path = Lyx_PlaneWarUITests.xctest; sourceTree = BUILT_PRODUCTS_DIR; };
		C208FC531ED397A900E79B09 /* Lyx_PlaneWarUITests.m */ = {isa = PBXFileReference; lastKnownFileType = sourcecode.c.objc; path = Lyx_PlaneWarUITests.m; sourceTree = "<group>"; };
		C208FC551ED397A900E79B09 /* Info.plist */ = {isa = PBXFileReference; lastKnownFileType = text.plist.xml; path = Info.plist; sourceTree = "<group>"; };
		C208FC631ED39A9000E79B09 /* bg.png */ = {isa = PBXFileReference; lastKnownFileType = image.png; path = bg.png; sourceTree = "<group>"; };
		C208FC641ED39A9000E79B09 /* bg_picture.png */ = {isa = PBXFileReference; lastKnownFileType = image.png; path = bg_picture.png; sourceTree = "<group>"; };
		C208FC651ED39A9000E79B09 /* bz1.png */ = {isa = PBXFileReference; lastKnownFileType = image.png; path = bz1.png; sourceTree = "<group>"; };
		C208FC661ED39A9000E79B09 /* bz2.png */ = {isa = PBXFileReference; lastKnownFileType = image.png; path = bz2.png; sourceTree = "<group>"; };
		C208FC671ED39A9000E79B09 /* bz3.png */ = {isa = PBXFileReference; lastKnownFileType = image.png; path = bz3.png; sourceTree = "<group>"; };
		C208FC681ED39A9000E79B09 /* bz4.png */ = {isa = PBXFileReference; lastKnownFileType = image.png; path = bz4.png; sourceTree = "<group>"; };
		C208FC691ED39A9000E79B09 /* bz5.png */ = {isa = PBXFileReference; lastKnownFileType = image.png; path = bz5.png; sourceTree = "<group>"; };
		C208FC6A1ED39A9000E79B09 /* diji.png */ = {isa = PBXFileReference; lastKnownFileType = image.png; path = diji.png; sourceTree = "<group>"; };
		C208FC6B1ED39A9000E79B09 /* plane1.png */ = {isa = PBXFileReference; lastKnownFileType = image.png; path = plane1.png; sourceTree = "<group>"; };
		C208FC6C1ED39A9000E79B09 /* plane2.png */ = {isa = PBXFileReference; lastKnownFileType = image.png; path = plane2.png; sourceTree = "<group>"; };
		C208FC6D1ED39A9000E79B09 /* start.png */ = {isa = PBXFileReference; lastKnownFileType = image.png; path = start.png; sourceTree = "<group>"; };
		C208FC6E1ED39A9000E79B09 /* zidan.png */ = {isa = PBXFileReference; lastKnownFileType = image.png; path = zidan.png; sourceTree = "<group>"; };
		C208FC811ED39ACC00E79B09 /* BulletView.h */ = {isa = PBXFileReference; fileEncoding = 4; lastKnownFileType = sourcecode.c.h; path = BulletView.h; sourceTree = "<group>"; };
		C208FC821ED39ACC00E79B09 /* BulletView.m */ = {isa = PBXFileReference; fileEncoding = 4; lastKnownFileType = sourcecode.c.objc; path = BulletView.m; sourceTree = "<group>"; };
		C208FC841ED39AFA00E79B09 /* EnemyPlaneView.h */ = {isa = PBXFileReference; fileEncoding = 4; lastKnownFileType = sourcecode.c.h; path = EnemyPlaneView.h; sourceTree = "<group>"; };
		C208FC851ED39AFA00E79B09 /* EnemyPlaneView.m */ = {isa = PBXFileReference; fileEncoding = 4; lastKnownFileType = sourcecode.c.objc; path = EnemyPlaneView.m; sourceTree = "<group>"; };
		C208FC871ED39B0A00E79B09 /* MyPlaneView.h */ = {isa = PBXFileReference; fileEncoding = 4; lastKnownFileType = sourcecode.c.h; path = MyPlaneView.h; sourceTree = "<group>"; };
		C208FC881ED39B0A00E79B09 /* MyPlaneView.m */ = {isa = PBXFileReference; fileEncoding = 4; lastKnownFileType = sourcecode.c.objc; path = MyPlaneView.m; sourceTree = "<group>"; };
		C208FC8A1ED39B2E00E79B09 /* StrategyView.h */ = {isa = PBXFileReference; fileEncoding = 4; lastKnownFileType = sourcecode.c.h; path = StrategyView.h; sourceTree = "<group>"; };
		C208FC8B1ED39B2E00E79B09 /* StrategyView.m */ = {isa = PBXFileReference; fileEncoding = 4; lastKnownFileType = sourcecode.c.objc; path = StrategyView.m; sourceTree = "<group>"; };
		C208FC8D1ED39B5300E79B09 /* CustomBtn.h */ = {isa = PBXFileReference; fileEncoding = 4; lastKnownFileType = sourcecode.c.h; path = CustomBtn.h; sourceTree = "<group>"; };
		C208FC8E1ED39B5300E79B09 /* CustomBtn.m */ = {isa = PBXFileReference; fileEncoding = 4; lastKnownFileType = sourcecode.c.objc; path = CustomBtn.m; sourceTree = "<group>"; };
		C208FC901ED39EDA00E79B09 /* StrategyExpView.h */ = {isa = PBXFileReference; fileEncoding = 4; lastKnownFileType = sourcecode.c.h; path = StrategyExpView.h; sourceTree = "<group>"; };
		C208FC911ED39EDA00E79B09 /* StrategyExpView.m */ = {isa = PBXFileReference; fileEncoding = 4; lastKnownFileType = sourcecode.c.objc; path = StrategyExpView.m; sourceTree = "<group>"; };
/* End PBXFileReference section */

/* Begin PBXFrameworksBuildPhase section */
		C208FC281ED397A800E79B09 /* Frameworks */ = {
			isa = PBXFrameworksBuildPhase;
			buildActionMask = 2147483647;
			files = (
				16529576301E8BA1B92C543C /* libPods-Lyx_PlaneWar.a in Frameworks */,
			);
			runOnlyForDeploymentPostprocessing = 0;
		};
		C208FC411ED397A900E79B09 /* Frameworks */ = {
			isa = PBXFrameworksBuildPhase;
			buildActionMask = 2147483647;
			files = (
			);
			runOnlyForDeploymentPostprocessing = 0;
		};
		C208FC4C1ED397A900E79B09 /* Frameworks */ = {
			isa = PBXFrameworksBuildPhase;
			buildActionMask = 2147483647;
			files = (
			);
			runOnlyForDeploymentPostprocessing = 0;
		};
/* End PBXFrameworksBuildPhase section */

/* Begin PBXGroup section */
		8CBFBBC46C6A8DA0E0656FA9 /* Pods */ = {
			isa = PBXGroup;
			children = (
				4BB70C3E619ABB64892C950E /* Pods-Lyx_PlaneWar.debug.xcconfig */,
				5AFC85F6B6A4D4182A3987C9 /* Pods-Lyx_PlaneWar.release.xcconfig */,
			);
			name = Pods;
			sourceTree = "<group>";
		};
		C208FC221ED397A800E79B09 = {
			isa = PBXGroup;
			children = (
				C208FC2D1ED397A800E79B09 /* Lyx_PlaneWar */,
				C208FC471ED397A900E79B09 /* Lyx_PlaneWarTests */,
				C208FC521ED397A900E79B09 /* Lyx_PlaneWarUITests */,
				C208FC2C1ED397A800E79B09 /* Products */,
				8CBFBBC46C6A8DA0E0656FA9 /* Pods */,
				EFF90792F0CBE5E15AF0C797 /* Frameworks */,
			);
			sourceTree = "<group>";
		};
		C208FC2C1ED397A800E79B09 /* Products */ = {
			isa = PBXGroup;
			children = (
				C208FC2B1ED397A800E79B09 /* Lyx_PlaneWar.app */,
				C208FC441ED397A900E79B09 /* Lyx_PlaneWarTests.xctest */,
				C208FC4F1ED397A900E79B09 /* Lyx_PlaneWarUITests.xctest */,
			);
			name = Products;
			sourceTree = "<group>";
		};
		C208FC2D1ED397A800E79B09 /* Lyx_PlaneWar */ = {
			isa = PBXGroup;
			children = (
				C208FC621ED39A9000E79B09 /* Source */,
				C208FC6F1ED39A9000E79B09 /* View */,
				C208FC311ED397A800E79B09 /* AppDelegate.h */,
				C208FC321ED397A800E79B09 /* AppDelegate.m */,
				C208FC341ED397A800E79B09 /* ViewController.h */,
				C208FC351ED397A800E79B09 /* ViewController.m */,
				C208FC371ED397A800E79B09 /* Main.storyboard */,
				C208FC3A1ED397A800E79B09 /* Assets.xcassets */,
				C208FC3C1ED397A800E79B09 /* LaunchScreen.storyboard */,
				C208FC3F1ED397A800E79B09 /* Info.plist */,
				C208FC2E1ED397A800E79B09 /* Supporting Files */,
			);
			path = Lyx_PlaneWar;
			sourceTree = "<group>";
		};
		C208FC2E1ED397A800E79B09 /* Supporting Files */ = {
			isa = PBXGroup;
			children = (
				C208FC2F1ED397A800E79B09 /* main.m */,
			);
			name = "Supporting Files";
			sourceTree = "<group>";
		};
		C208FC471ED397A900E79B09 /* Lyx_PlaneWarTests */ = {
			isa = PBXGroup;
			children = (
				C208FC481ED397A900E79B09 /* Lyx_PlaneWarTests.m */,
				C208FC4A1ED397A900E79B09 /* Info.plist */,
			);
			path = Lyx_PlaneWarTests;
			sourceTree = "<group>";
		};
		C208FC521ED397A900E79B09 /* Lyx_PlaneWarUITests */ = {
			isa = PBXGroup;
			children = (
				C208FC531ED397A900E79B09 /* Lyx_PlaneWarUITests.m */,
				C208FC551ED397A900E79B09 /* Info.plist */,
			);
			path = Lyx_PlaneWarUITests;
			sourceTree = "<group>";
		};
		C208FC621ED39A9000E79B09 /* Source */ = {
			isa = PBXGroup;
			children = (
				C208FC631ED39A9000E79B09 /* bg.png */,
				C208FC641ED39A9000E79B09 /* bg_picture.png */,
				C208FC651ED39A9000E79B09 /* bz1.png */,
				C208FC661ED39A9000E79B09 /* bz2.png */,
				C208FC671ED39A9000E79B09 /* bz3.png */,
				C208FC681ED39A9000E79B09 /* bz4.png */,
				C208FC691ED39A9000E79B09 /* bz5.png */,
				C208FC6A1ED39A9000E79B09 /* diji.png */,
				C208FC6B1ED39A9000E79B09 /* plane1.png */,
				C208FC6C1ED39A9000E79B09 /* plane2.png */,
				C208FC6D1ED39A9000E79B09 /* start.png */,
				C208FC6E1ED39A9000E79B09 /* zidan.png */,
			);
			path = Source;
			sourceTree = "<group>";
		};
		C208FC6F1ED39A9000E79B09 /* View */ = {
			isa = PBXGroup;
			children = (
				C208FC701ED39A9000E79B09 /* BulletView */,
				C208FC711ED39A9000E79B09 /* CustomBtn */,
				C208FC721ED39A9000E79B09 /* EnemyPlaneView */,
				C208FC731ED39A9000E79B09 /* MyPlaneView */,
				C208FC741ED39A9000E79B09 /* StrategyView */,
			);
			path = View;
			sourceTree = "<group>";
		};
		C208FC701ED39A9000E79B09 /* BulletView */ = {
			isa = PBXGroup;
			children = (
				C208FC811ED39ACC00E79B09 /* BulletView.h */,
				C208FC821ED39ACC00E79B09 /* BulletView.m */,
			);
			path = BulletView;
			sourceTree = "<group>";
		};
		C208FC711ED39A9000E79B09 /* CustomBtn */ = {
			isa = PBXGroup;
			children = (
				C208FC8D1ED39B5300E79B09 /* CustomBtn.h */,
				C208FC8E1ED39B5300E79B09 /* CustomBtn.m */,
			);
			path = CustomBtn;
			sourceTree = "<group>";
		};
		C208FC721ED39A9000E79B09 /* EnemyPlaneView */ = {
			isa = PBXGroup;
			children = (
				C208FC841ED39AFA00E79B09 /* EnemyPlaneView.h */,
				C208FC851ED39AFA00E79B09 /* EnemyPlaneView.m */,
			);
			path = EnemyPlaneView;
			sourceTree = "<group>";
		};
		C208FC731ED39A9000E79B09 /* MyPlaneView */ = {
			isa = PBXGroup;
			children = (
				C208FC871ED39B0A00E79B09 /* MyPlaneView.h */,
				C208FC881ED39B0A00E79B09 /* MyPlaneView.m */,
			);
			path = MyPlaneView;
			sourceTree = "<group>";
		};
		C208FC741ED39A9000E79B09 /* StrategyView */ = {
			isa = PBXGroup;
			children = (
				C208FC8A1ED39B2E00E79B09 /* StrategyView.h */,
				C208FC8B1ED39B2E00E79B09 /* StrategyView.m */,
				C208FC901ED39EDA00E79B09 /* StrategyExpView.h */,
				C208FC911ED39EDA00E79B09 /* StrategyExpView.m */,
			);
			path = StrategyView;
			sourceTree = "<group>";
		};
		EFF90792F0CBE5E15AF0C797 /* Frameworks */ = {
			isa = PBXGroup;
			children = (
				53D1CFE9D15F000B16B0C88E /* libPods-Lyx_PlaneWar.a */,
			);
			name = Frameworks;
			sourceTree = "<group>";
		};
/* End PBXGroup section */

/* Begin PBXNativeTarget section */
		C208FC2A1ED397A800E79B09 /* Lyx_PlaneWar */ = {
			isa = PBXNativeTarget;
			buildConfigurationList = C208FC581ED397A900E79B09 /* Build configuration list for PBXNativeTarget "Lyx_PlaneWar" */;
			buildPhases = (
				61F18F951D5479705AA95752 /* [CP] Check Pods Manifest.lock */,
				C208FC271ED397A800E79B09 /* Sources */,
				C208FC281ED397A800E79B09 /* Frameworks */,
				C208FC291ED397A800E79B09 /* Resources */,
				5385B4D083B113E03A7FD6B6 /* [CP] Embed Pods Frameworks */,
				BA87BBBD825973DA47444091 /* [CP] Copy Pods Resources */,
			);
			buildRules = (
			);
			dependencies = (
			);
			name = Lyx_PlaneWar;
			productName = Lyx_PlaneWar;
			productReference = C208FC2B1ED397A800E79B09 /* Lyx_PlaneWar.app */;
			productType = "com.apple.product-type.application";
		};
		C208FC431ED397A900E79B09 /* Lyx_PlaneWarTests */ = {
			isa = PBXNativeTarget;
			buildConfigurationList = C208FC5B1ED397A900E79B09 /* Build configuration list for PBXNativeTarget "Lyx_PlaneWarTests" */;
			buildPhases = (
				C208FC401ED397A900E79B09 /* Sources */,
				C208FC411ED397A900E79B09 /* Frameworks */,
				C208FC421ED397A900E79B09 /* Resources */,
			);
			buildRules = (
			);
			dependencies = (
				C208FC461ED397A900E79B09 /* PBXTargetDependency */,
			);
			name = Lyx_PlaneWarTests;
			productName = Lyx_PlaneWarTests;
			productReference = C208FC441ED397A900E79B09 /* Lyx_PlaneWarTests.xctest */;
			productType = "com.apple.product-type.bundle.unit-test";
		};
		C208FC4E1ED397A900E79B09 /* Lyx_PlaneWarUITests */ = {
			isa = PBXNativeTarget;
			buildConfigurationList = C208FC5E1ED397A900E79B09 /* Build configuration list for PBXNativeTarget "Lyx_PlaneWarUITests" */;
			buildPhases = (
				C208FC4B1ED397A900E79B09 /* Sources */,
				C208FC4C1ED397A900E79B09 /* Frameworks */,
				C208FC4D1ED397A900E79B09 /* Resources */,
			);
			buildRules = (
			);
			dependencies = (
				C208FC511ED397A900E79B09 /* PBXTargetDependency */,
			);
			name = Lyx_PlaneWarUITests;
			productName = Lyx_PlaneWarUITests;
			productReference = C208FC4F1ED397A900E79B09 /* Lyx_PlaneWarUITests.xctest */;
			productType = "com.apple.product-type.bundle.ui-testing";
		};
/* End PBXNativeTarget section */

/* Begin PBXProject section */
		C208FC231ED397A800E79B09 /* Project object */ = {
			isa = PBXProject;
			attributes = {
				LastUpgradeCheck = 0830;
				ORGANIZATIONNAME = Lyx;
				TargetAttributes = {
					C208FC2A1ED397A800E79B09 = {
						CreatedOnToolsVersion = 8.3.2;
						DevelopmentTeam = 74BBX7X742;
						ProvisioningStyle = Automatic;
					};
					C208FC431ED397A900E79B09 = {
						CreatedOnToolsVersion = 8.3.2;
						ProvisioningStyle = Automatic;
						TestTargetID = C208FC2A1ED397A800E79B09;
					};
					C208FC4E1ED397A900E79B09 = {
						CreatedOnToolsVersion = 8.3.2;
						ProvisioningStyle = Automatic;
						TestTargetID = C208FC2A1ED397A800E79B09;
					};
				};
			};
			buildConfigurationList = C208FC261ED397A800E79B09 /* Build configuration list for PBXProject "Lyx_PlaneWar" */;
			compatibilityVersion = "Xcode 3.2";
			developmentRegion = English;
			hasScannedForEncodings = 0;
			knownRegions = (
				en,
				Base,
			);
			mainGroup = C208FC221ED397A800E79B09;
			productRefGroup = C208FC2C1ED397A800E79B09 /* Products */;
			projectDirPath = "";
			projectRoot = "";
			targets = (
				C208FC2A1ED397A800E79B09 /* Lyx_PlaneWar */,
				C208FC431ED397A900E79B09 /* Lyx_PlaneWarTests */,
				C208FC4E1ED397A900E79B09 /* Lyx_PlaneWarUITests */,
			);
		};
/* End PBXProject section */

/* Begin PBXResourcesBuildPhase section */
		C208FC291ED397A800E79B09 /* Resources */ = {
			isa = PBXResourcesBuildPhase;
			buildActionMask = 2147483647;
			files = (
				C208FC7A1ED39A9000E79B09 /* bz4.png in Resources */,
				C208FC7C1ED39A9000E79B09 /* diji.png in Resources */,
				C208FC761ED39A9000E79B09 /* bg_picture.png in Resources */,
				C208FC7E1ED39A9000E79B09 /* plane2.png in Resources */,
				C208FC791ED39A9000E79B09 /* bz3.png in Resources */,
				C208FC3E1ED397A800E79B09 /* LaunchScreen.storyboard in Resources */,
				C208FC7F1ED39A9000E79B09 /* start.png in Resources */,
				C208FC801ED39A9000E79B09 /* zidan.png in Resources */,
				C208FC3B1ED397A800E79B09 /* Assets.xcassets in Resources */,
				C208FC771ED39A9000E79B09 /* bz1.png in Resources */,
				C208FC751ED39A9000E79B09 /* bg.png in Resources */,
				C208FC7B1ED39A9000E79B09 /* bz5.png in Resources */,
				C208FC391ED397A800E79B09 /* Main.storyboard in Resources */,
				C208FC7D1ED39A9000E79B09 /* plane1.png in Resources */,
				C208FC781ED39A9000E79B09 /* bz2.png in Resources */,
			);
			runOnlyForDeploymentPostprocessing = 0;
		};
		C208FC421ED397A900E79B09 /* Resources */ = {
			isa = PBXResourcesBuildPhase;
			buildActionMask = 2147483647;
			files = (
			);
			runOnlyForDeploymentPostprocessing = 0;
		};
		C208FC4D1ED397A900E79B09 /* Resources */ = {
			isa = PBXResourcesBuildPhase;
			buildActionMask = 2147483647;
			files = (
			);
			runOnlyForDeploymentPostprocessing = 0;
		};
/* End PBXResourcesBuildPhase section */

/* Begin PBXShellScriptBuildPhase section */
		5385B4D083B113E03A7FD6B6 /* [CP] Embed Pods Frameworks */ = {
			isa = PBXShellScriptBuildPhase;
			buildActionMask = 2147483647;
			files = (
			);
			inputPaths = (
			);
			name = "[CP] Embed Pods Frameworks";
			outputPaths = (
			);
			runOnlyForDeploymentPostprocessing = 0;
			shellPath = /bin/sh;
			shellScript = "\"${SRCROOT}/Pods/Target Support Files/Pods-Lyx_PlaneWar/Pods-Lyx_PlaneWar-frameworks.sh\"\n";
			showEnvVarsInLog = 0;
		};
		61F18F951D5479705AA95752 /* [CP] Check Pods Manifest.lock */ = {
			isa = PBXShellScriptBuildPhase;
			buildActionMask = 2147483647;
			files = (
			);
			inputPaths = (
			);
			name = "[CP] Check Pods Manifest.lock";
			outputPaths = (
			);
			runOnlyForDeploymentPostprocessing = 0;
			shellPath = /bin/sh;
			shellScript = "diff \"${PODS_PODFILE_DIR_PATH}/Podfile.lock\" \"${PODS_ROOT}/Manifest.lock\" > /dev/null\nif [ $? != 0 ] ; then\n    # print error to STDERR\n    echo \"error: The sandbox is not in sync with the Podfile.lock. Run 'pod install' or update your CocoaPods installation.\" >&2\n    exit 1\nfi\n";
			showEnvVarsInLog = 0;
		};
		BA87BBBD825973DA47444091 /* [CP] Copy Pods Resources */ = {
			isa = PBXShellScriptBuildPhase;
			buildActionMask = 2147483647;
			files = (
			);
			inputPaths = (
			);
			name = "[CP] Copy Pods Resources";
			outputPaths = (
			);
			runOnlyForDeploymentPostprocessing = 0;
			shellPath = /bin/sh;
			shellScript = "\"${SRCROOT}/Pods/Target Support Files/Pods-Lyx_PlaneWar/Pods-Lyx_PlaneWar-resources.sh\"\n";
			showEnvVarsInLog = 0;
		};
/* End PBXShellScriptBuildPhase section */

/* Begin PBXSourcesBuildPhase section */
		C208FC271ED397A800E79B09 /* Sources */ = {
			isa = PBXSourcesBuildPhase;
			buildActionMask = 2147483647;
			files = (
				C208FC361ED397A800E79B09 /* ViewController.m in Sources */,
				C208FC861ED39AFA00E79B09 /* EnemyPlaneView.m in Sources */,
				C208FC331ED397A800E79B09 /* AppDelegate.m in Sources */,
				C208FC831ED39ACC00E79B09 /* BulletView.m in Sources */,
				C208FC301ED397A800E79B09 /* main.m in Sources */,
				C208FC921ED39EDA00E79B09 /* StrategyExpView.m in Sources */,
				C208FC8F1ED39B5300E79B09 /* CustomBtn.m in Sources */,
				C208FC8C1ED39B2E00E79B09 /* StrategyView.m in Sources */,
				C208FC891ED39B0A00E79B09 /* MyPlaneView.m in Sources */,
			);
			runOnlyForDeploymentPostprocessing = 0;
		};
		C208FC401ED397A900E79B09 /* Sources */ = {
			isa = PBXSourcesBuildPhase;
			buildActionMask = 2147483647;
			files = (
				C208FC491ED397A900E79B09 /* Lyx_PlaneWarTests.m in Sources */,
			);
			runOnlyForDeploymentPostprocessing = 0;
		};
		C208FC4B1ED397A900E79B09 /* Sources */ = {
			isa = PBXSourcesBuildPhase;
			buildActionMask = 2147483647;
			files = (
				C208FC541ED397A900E79B09 /* Lyx_PlaneWarUITests.m in Sources */,
			);
			runOnlyForDeploymentPostprocessing = 0;
		};
/* End PBXSourcesBuildPhase section */

/* Begin PBXTargetDependency section */
		C208FC461ED397A900E79B09 /* PBXTargetDependency */ = {
			isa = PBXTargetDependency;
			target = C208FC2A1ED397A800E79B09 /* Lyx_PlaneWar */;
			targetProxy = C208FC451ED397A900E79B09 /* PBXContainerItemProxy */;
		};
		C208FC511ED397A900E79B09 /* PBXTargetDependency */ = {
			isa = PBXTargetDependency;
			target = C208FC2A1ED397A800E79B09 /* Lyx_PlaneWar */;
			targetProxy = C208FC501ED397A900E79B09 /* PBXContainerItemProxy */;
		};
/* End PBXTargetDependency section */

/* Begin PBXVariantGroup section */
		C208FC371ED397A800E79B09 /* Main.storyboard */ = {
			isa = PBXVariantGroup;
			children = (
				C208FC381ED397A800E79B09 /* Base */,
			);
			name = Main.storyboard;
			sourceTree = "<group>";
		};
		C208FC3C1ED397A800E79B09 /* LaunchScreen.storyboard */ = {
			isa = PBXVariantGroup;
			children = (
				C208FC3D1ED397A800E79B09 /* Base */,
			);
			name = LaunchScreen.storyboard;
			sourceTree = "<group>";
		};
/* End PBXVariantGroup section */

/* Begin XCBuildConfiguration section */
		C208FC561ED397A900E79B09 /* Debug */ = {
			isa = XCBuildConfiguration;
			buildSettings = {
				ALWAYS_SEARCH_USER_PATHS = NO;
				CLANG_ANALYZER_NONNULL = YES;
				CLANG_ANALYZER_NUMBER_OBJECT_CONVERSION = YES_AGGRESSIVE;
				CLANG_CXX_LANGUAGE_STANDARD = "gnu++0x";
				CLANG_CXX_LIBRARY = "libc++";
				CLANG_ENABLE_MODULES = YES;
				CLANG_ENABLE_OBJC_ARC = YES;
				CLANG_WARN_BOOL_CONVERSION = YES;
				CLANG_WARN_CONSTANT_CONVERSION = YES;
				CLANG_WARN_DIRECT_OBJC_ISA_USAGE = YES_ERROR;
				CLANG_WARN_DOCUMENTATION_COMMENTS = YES;
				CLANG_WARN_EMPTY_BODY = YES;
				CLANG_WARN_ENUM_CONVERSION = YES;
				CLANG_WARN_INFINITE_RECURSION = YES;
				CLANG_WARN_INT_CONVERSION = YES;
				CLANG_WARN_OBJC_ROOT_CLASS = YES_ERROR;
				CLANG_WARN_SUSPICIOUS_MOVE = YES;
				CLANG_WARN_UNREACHABLE_CODE = YES;
				CLANG_WARN__DUPLICATE_METHOD_MATCH = YES;
				"CODE_SIGN_IDENTITY[sdk=iphoneos*]" = "iPhone Developer";
				COPY_PHASE_STRIP = NO;
				DEBUG_INFORMATION_FORMAT = dwarf;
				ENABLE_STRICT_OBJC_MSGSEND = YES;
				ENABLE_TESTABILITY = YES;
				GCC_C_LANGUAGE_STANDARD = gnu99;
				GCC_DYNAMIC_NO_PIC = NO;
				GCC_NO_COMMON_BLOCKS = YES;
				GCC_OPTIMIZATION_LEVEL = 0;
				GCC_PREPROCESSOR_DEFINITIONS = (
					"DEBUG=1",
					"$(inherited)",
				);
				GCC_WARN_64_TO_32_BIT_CONVERSION = YES;
				GCC_WARN_ABOUT_RETURN_TYPE = YES_ERROR;
				GCC_WARN_UNDECLARED_SELECTOR = YES;
				GCC_WARN_UNINITIALIZED_AUTOS = YES_AGGRESSIVE;
				GCC_WARN_UNUSED_FUNCTION = YES;
				GCC_WARN_UNUSED_VARIABLE = YES;
				IPHONEOS_DEPLOYMENT_TARGET = 10.3;
				MTL_ENABLE_DEBUG_INFO = YES;
				ONLY_ACTIVE_ARCH = YES;
				SDKROOT = iphoneos;
				TARGETED_DEVICE_FAMILY = "1,2";
			};
			name = Debug;
		};
		C208FC571ED397A900E79B09 /* Release */ = {
			isa = XCBuildConfiguration;
			buildSettings = {
				ALWAYS_SEARCH_USER_PATHS = NO;
				CLANG_ANALYZER_NONNULL = YES;
				CLANG_ANALYZER_NUMBER_OBJECT_CONVERSION = YES_AGGRESSIVE;
				CLANG_CXX_LANGUAGE_STANDARD = "gnu++0x";
				CLANG_CXX_LIBRARY = "libc++";
				CLANG_ENABLE_MODULES = YES;
				CLANG_ENABLE_OBJC_ARC = YES;
				CLANG_WARN_BOOL_CONVERSION = YES;
				CLANG_WARN_CONSTANT_CONVERSION = YES;
				CLANG_WARN_DIRECT_OBJC_ISA_USAGE = YES_ERROR;
				CLANG_WARN_DOCUMENTATION_COMMENTS = YES;
				CLANG_WARN_EMPTY_BODY = YES;
				CLANG_WARN_ENUM_CONVERSION = YES;
				CLANG_WARN_INFINITE_RECURSION = YES;
				CLANG_WARN_INT_CONVERSION = YES;
				CLANG_WARN_OBJC_ROOT_CLASS = YES_ERROR;
				CLANG_WARN_SUSPICIOUS_MOVE = YES;
				CLANG_WARN_UNREACHABLE_CODE = YES;
				CLANG_WARN__DUPLICATE_METHOD_MATCH = YES;
				"CODE_SIGN_IDENTITY[sdk=iphoneos*]" = "iPhone Developer";
				COPY_PHASE_STRIP = NO;
				DEBUG_INFORMATION_FORMAT = "dwarf-with-dsym";
				ENABLE_NS_ASSERTIONS = NO;
				ENABLE_STRICT_OBJC_MSGSEND = YES;
				GCC_C_LANGUAGE_STANDARD = gnu99;
				GCC_NO_COMMON_BLOCKS = YES;
				GCC_WARN_64_TO_32_BIT_CONVERSION = YES;
				GCC_WARN_ABOUT_RETURN_TYPE = YES_ERROR;
				GCC_WARN_UNDECLARED_SELECTOR = YES;
				GCC_WARN_UNINITIALIZED_AUTOS = YES_AGGRESSIVE;
				GCC_WARN_UNUSED_FUNCTION = YES;
				GCC_WARN_UNUSED_VARIABLE = YES;
				IPHONEOS_DEPLOYMENT_TARGET = 10.3;
				MTL_ENABLE_DEBUG_INFO = NO;
				SDKROOT = iphoneos;
				TARGETED_DEVICE_FAMILY = "1,2";
				VALIDATE_PRODUCT = YES;
			};
			name = Release;
		};
		C208FC591ED397A900E79B09 /* Debug */ = {
			isa = XCBuildConfiguration;
			baseConfigurationReference = 4BB70C3E619ABB64892C950E /* Pods-Lyx_PlaneWar.debug.xcconfig */;
			buildSettings = {
				ASSETCATALOG_COMPILER_APPICON_NAME = AppIcon;
				DEVELOPMENT_TEAM = 74BBX7X742;
				INFOPLIST_FILE = Lyx_PlaneWar/Info.plist;
				LD_RUNPATH_SEARCH_PATHS = "$(inherited) @executable_path/Frameworks";
				PRODUCT_BUNDLE_IDENTIFIER = "liaoyongxing.Lyx-PlaneWar";
				PRODUCT_NAME = "$(TARGET_NAME)";
				USER_HEADER_SEARCH_PATHS = "${SRCROOT}/**";
			};
			name = Debug;
		};
		C208FC5A1ED397A900E79B09 /* Release */ = {
			isa = XCBuildConfiguration;
			baseConfigurationReference = 5AFC85F6B6A4D4182A3987C9 /* Pods-Lyx_PlaneWar.release.xcconfig */;
			buildSettings = {
				ASSETCATALOG_COMPILER_APPICON_NAME = AppIcon;
				DEVELOPMENT_TEAM = 74BBX7X742;
				INFOPLIST_FILE = Lyx_PlaneWar/Info.plist;
				LD_RUNPATH_SEARCH_PATHS = "$(inherited) @executable_path/Frameworks";
				PRODUCT_BUNDLE_IDENTIFIER = "liaoyongxing.Lyx-PlaneWar";
				PRODUCT_NAME = "$(TARGET_NAME)";
				USER_HEADER_SEARCH_PATHS = "${SRCROOT}/**";
			};
			name = Release;
		};
		C208FC5C1ED397A900E79B09 /* Debug */ = {
			isa = XCBuildConfiguration;
			buildSettings = {
				BUNDLE_LOADER = "$(TEST_HOST)";
				INFOPLIST_FILE = Lyx_PlaneWarTests/Info.plist;
				LD_RUNPATH_SEARCH_PATHS = "$(inherited) @executable_path/Frameworks @loader_path/Frameworks";
				PRODUCT_BUNDLE_IDENTIFIER = "liaoyongxing.Lyx-PlaneWarTests";
				PRODUCT_NAME = "$(TARGET_NAME)";
				TEST_HOST = "$(BUILT_PRODUCTS_DIR)/Lyx_PlaneWar.app/Lyx_PlaneWar";
			};
			name = Debug;
		};
		C208FC5D1ED397A900E79B09 /* Release */ = {
			isa = XCBuildConfiguration;
			buildSettings = {
				BUNDLE_LOADER = "$(TEST_HOST)";
				INFOPLIST_FILE = Lyx_PlaneWarTests/Info.plist;
				LD_RUNPATH_SEARCH_PATHS = "$(inherited) @executable_path/Frameworks @loader_path/Frameworks";
				PRODUCT_BUNDLE_IDENTIFIER = "liaoyongxing.Lyx-PlaneWarTests";
				PRODUCT_NAME = "$(TARGET_NAME)";
				TEST_HOST = "$(BUILT_PRODUCTS_DIR)/Lyx_PlaneWar.app/Lyx_PlaneWar";
			};
			name = Release;
		};
		C208FC5F1ED397A900E79B09 /* Debug */ = {
			isa = XCBuildConfiguration;
			buildSettings = {
				INFOPLIST_FILE = Lyx_PlaneWarUITests/Info.plist;
				LD_RUNPATH_SEARCH_PATHS = "$(inherited) @executable_path/Frameworks @loader_path/Frameworks";
				PRODUCT_BUNDLE_IDENTIFIER = "liaoyongxing.Lyx-PlaneWarUITests";
				PRODUCT_NAME = "$(TARGET_NAME)";
				TEST_TARGET_NAME = Lyx_PlaneWar;
			};
			name = Debug;
		};
		C208FC601ED397A900E79B09 /* Release */ = {
			isa = XCBuildConfiguration;
			buildSettings = {
				INFOPLIST_FILE = Lyx_PlaneWarUITests/Info.plist;
				LD_RUNPATH_SEARCH_PATHS = "$(inherited) @executable_path/Frameworks @loader_path/Frameworks";
				PRODUCT_BUNDLE_IDENTIFIER = "liaoyongxing.Lyx-PlaneWarUITests";
				PRODUCT_NAME = "$(TARGET_NAME)";
				TEST_TARGET_NAME = Lyx_PlaneWar;
			};
			name = Release;
		};
/* End XCBuildConfiguration section */

/* Begin XCConfigurationList section */
		C208FC261ED397A800E79B09 /* Build configuration list for PBXProject "Lyx_PlaneWar" */ = {
			isa = XCConfigurationList;
			buildConfigurations = (
				C208FC561ED397A900E79B09 /* Debug */,
				C208FC571ED397A900E79B09 /* Release */,
			);
			defaultConfigurationIsVisible = 0;
			defaultConfigurationName = Release;
		};
		C208FC581ED397A900E79B09 /* Build configuration list for PBXNativeTarget "Lyx_PlaneWar" */ = {
			isa = XCConfigurationList;
			buildConfigurations = (
				C208FC591ED397A900E79B09 /* Debug */,
				C208FC5A1ED397A900E79B09 /* Release */,
			);
			defaultConfigurationIsVisible = 0;
			defaultConfigurationName = Release;
		};
		C208FC5B1ED397A900E79B09 /* Build configuration list for PBXNativeTarget "Lyx_PlaneWarTests" */ = {
			isa = XCConfigurationList;
			buildConfigurations = (
				C208FC5C1ED397A900E79B09 /* Debug */,
				C208FC5D1ED397A900E79B09 /* Release */,
			);
			defaultConfigurationIsVisible = 0;
			defaultConfigurationName = Release;
		};
		C208FC5E1ED397A900E79B09 /* Build configuration list for PBXNativeTarget "Lyx_PlaneWarUITests" */ = {
			isa = XCConfigurationList;
			buildConfigurations = (
				C208FC5F1ED397A900E79B09 /* Debug */,
				C208FC601ED397A900E79B09 /* Release */,
			);
			defaultConfigurationIsVisible = 0;
			defaultConfigurationName = Release;
		};
/* End XCConfigurationList section */
	};
	rootObject = C208FC231ED397A800E79B09 /* Project object */;
}
